
Microsoft Visual Studio Solution File, Format Version 12.00
# Visual Studio 15
VisualStudioVersion = 15.0.28307.136
MinimumVisualStudioVersion = 10.0.40219.1
Project("{FAE04EC0-301F-11D3-BF4B-00C04F79EFBC}") = "UygulamaTekrarEtmeyenSayılar", "UygulamaTekrarEtmeyenSayılar\UygulamaTekrarEtmeyenSayılar.csproj", "{555FE0CD-9715-4028-9810-20D40FBC0B10}"
EndProject
Global
	GlobalSection(SolutionConfigurationPlatforms) = preSolution
		Debug|Any CPU = Debug|Any CPU
		Release|Any CPU = Release|Any CPU
	EndGlobalSection
	GlobalSection(ProjectConfigurationPlatforms) = postSolution
		{555FE0CD-9715-4028-9810-20D40FBC0B10}.Debug|Any CPU.ActiveCfg = Debug|Any CPU
		{555FE0CD-9715-4028-9810-20D40FBC0B10}.Debug|Any CPU.Build.0 = Debug|Any CPU
		{555FE0CD-9715-4028-9810-20D40FBC0B10}.Release|Any CPU.ActiveCfg = Release|Any CPU
		{555FE0CD-9715-4028-9810-20D40FBC0B10}.Release|Any CPU.Build.0 = Release|Any CPU
	EndGlobalSection
	GlobalSection(SolutionProperties) = preSolution
		HideSolutionNode = FALSE
	EndGlobalSection
	GlobalSection(ExtensibilityGlobals) = postSolution
		SolutionGuid = {709DC733-788E-40C2-BFA8-057A90A2F77B}
	EndGlobalSection
EndGlobal
